// !$*UTF8*$!
{
	archiveVersion = 1;
	classes = {
	};
	objectVersion = 46;
	objects = {

/* Begin PBXBuildFile section */
		0574459A1E7677FF005BFD13 /* main.swift in Sources */ = {isa = PBXBuildFile; fileRef = 057445991E7677FF005BFD13 /* main.swift */; };
		05BAE9DC1E76F26C00CD22AC /* transcoder.swift in Sources */ = {isa = PBXBuildFile; fileRef = 05BAE9DB1E76F26C00CD22AC /* transcoder.swift */; };
/* End PBXBuildFile section */

/* Begin PBXCopyFilesBuildPhase section */
		057445941E7677FF005BFD13 /* CopyFiles */ = {
			isa = PBXCopyFilesBuildPhase;
			buildActionMask = 2147483647;
			dstPath = /usr/share/man/man1/;
			dstSubfolderSpec = 0;
			files = (
			);
			runOnlyForDeploymentPostprocessing = 1;
		};
/* End PBXCopyFilesBuildPhase section */

/* Begin PBXFileReference section */
		057445961E7677FF005BFD13 /* transcode-cli */ = {isa = PBXFileReference; explicitFileType = "compiled.mach-o.executable"; includeInIndex = 0; path = "transcode-cli"; sourceTree = BUILT_PRODUCTS_DIR; };
		057445991E7677FF005BFD13 /* main.swift */ = {isa = PBXFileReference; lastKnownFileType = sourcecode.swift; path = main.swift; sourceTree = "<group>"; };
		05BAE9DB1E76F26C00CD22AC /* transcoder.swift */ = {isa = PBXFileReference; fileEncoding = 4; lastKnownFileType = sourcecode.swift; path = transcoder.swift; sourceTree = "<group>"; };
/* End PBXFileReference section */

/* Begin PBXFrameworksBuildPhase section */
		057445931E7677FF005BFD13 /* Frameworks */ = {
			isa = PBXFrameworksBuildPhase;
			buildActionMask = 2147483647;
			files = (
			);
			runOnlyForDeploymentPostprocessing = 0;
		};
/* End PBXFrameworksBuildPhase section */

/* Begin PBXGroup section */
		0574458D1E7677FF005BFD13 = {
			isa = PBXGroup;
			children = (
				057445981E7677FF005BFD13 /* transcode-cli */,
				057445971E7677FF005BFD13 /* Products */,
			);
			sourceTree = "<group>";
		};
		057445971E7677FF005BFD13 /* Products */ = {
			isa = PBXGroup;
			children = (
				057445961E7677FF005BFD13 /* transcode-cli */,
			);
			name = Products;
			sourceTree = "<group>";
		};
		057445981E7677FF005BFD13 /* transcode-cli */ = {
			isa = PBXGroup;
			children = (
				057445991E7677FF005BFD13 /* main.swift */,
				05BAE9DB1E76F26C00CD22AC /* transcoder.swift */,
			);
			path = "transcode-cli";
			sourceTree = "<group>";
		};
/* End PBXGroup section */

/* Begin PBXNativeTarget section */
		057445951E7677FF005BFD13 /* transcode-cli */ = {
			isa = PBXNativeTarget;
			buildConfigurationList = 0574459D1E7677FF005BFD13 /* Build configuration list for PBXNativeTarget "transcode-cli" */;
			buildPhases = (
				057445921E7677FF005BFD13 /* Sources */,
				057445931E7677FF005BFD13 /* Frameworks */,
				057445941E7677FF005BFD13 /* CopyFiles */,
			);
			buildRules = (
			);
			dependencies = (
			);
			name = "transcode-cli";
			productName = "transcode-cli";
			productReference = 057445961E7677FF005BFD13 /* transcode-cli */;
			productType = "com.apple.product-type.tool";
		};
/* End PBXNativeTarget section */

/* Begin PBXProject section */
		0574458E1E7677FF005BFD13 /* Project object */ = {
			isa = PBXProject;
			attributes = {
				LastSwiftUpdateCheck = 0820;
				LastUpgradeCheck = 0820;
				ORGANIZATIONNAME = tianyi;
				TargetAttributes = {
					057445951E7677FF005BFD13 = {
						CreatedOnToolsVersion = 8.2.1;
						DevelopmentTeam = 8SC87R6DLU;
						ProvisioningStyle = Automatic;
					};
				};
			};
			buildConfigurationList = 057445911E7677FF005BFD13 /* Build configuration list for PBXProject "transcode-cli" */;
			compatibilityVersion = "Xcode 3.2";
			developmentRegion = English;
			hasScannedForEncodings = 0;
			knownRegions = (
				en,
			);
			mainGroup = 0574458D1E7677FF005BFD13;
			productRefGroup = 057445971E7677FF005BFD13 /* Products */;
			projectDirPath = "";
			projectRoot = "";
			targets = (
				057445951E7677FF005BFD13 /* transcode-cli */,
			);
		};
/* End PBXProject section */

/* Begin PBXSourcesBuildPhase section */
		057445921E7677FF005BFD13 /* Sources */ = {
			isa = PBXSourcesBuildPhase;
			buildActionMask = 2147483647;
			files = (
				05BAE9DC1E76F26C00CD22AC /* transcoder.swift in Sources */,
				0574459A1E7677FF005BFD13 /* main.swift in Sources */,
			);
			runOnlyForDeploymentPostprocessing = 0;
		};
/* End PBXSourcesBuildPhase section */

/* Begin XCBuildConfiguration section */
		0574459B1E7677FF005BFD13 /* Debug */ = {
			isa = XCBuildConfiguration;
			buildSettings = {
				ALWAYS_SEARCH_USER_PATHS = NO;
				CLANG_ANALYZER_NONNULL = YES;
				CLANG_CXX_LANGUAGE_STANDARD = "gnu++0x";
				CLANG_CXX_LIBRARY = "libc++";
				CLANG_ENABLE_MODULES = YES;
				CLANG_ENABLE_OBJC_ARC = YES;
				CLANG_WARN_BOOL_CONVERSION = YES;
				CLANG_WARN_CONSTANT_CONVERSION = YES;
				CLANG_WARN_DIRECT_OBJC_ISA_USAGE = YES_ERROR;
				CLANG_WARN_DOCUMENTATION_COMMENTS = YES;
				CLANG_WARN_EMPTY_BODY = YES;
				CLANG_WARN_ENUM_CONVERSION = YES;
				CLANG_WARN_INFINITE_RECURSION = YES;
				CLANG_WARN_INT_CONVERSION = YES;
				CLANG_WARN_OBJC_ROOT_CLASS = YES_ERROR;
				CLANG_WARN_SUSPICIOUS_MOVE = YES;
				CLANG_WARN_UNREACHABLE_CODE = YES;
				CLANG_WARN__DUPLICATE_METHOD_MATCH = YES;
				CODE_SIGN_IDENTITY = "-";
				COPY_PHASE_STRIP = NO;
				DEBUG_INFORMATION_FORMAT = dwarf;
				ENABLE_STRICT_OBJC_MSGSEND = YES;
				ENABLE_TESTABILITY = YES;
				GCC_C_LANGUAGE_STANDARD = gnu99;
				GCC_DYNAMIC_NO_PIC = NO;
				GCC_NO_COMMON_BLOCKS = YES;
				GCC_OPTIMIZATION_LEVEL = 0;
				GCC_PREPROCESSOR_DEFINITIONS = (
					"DEBUG=1",
					"$(inherited)",
				);
				GCC_WARN_64_TO_32_BIT_CONVERSION = YES;
				GCC_WARN_ABOUT_RETURN_TYPE = YES_ERROR;
				GCC_WARN_UNDECLARED_SELECTOR = YES;
				GCC_WARN_UNINITIALIZED_AUTOS = YES_AGGRESSIVE;
				GCC_WARN_UNUSED_FUNCTION = YES;
				GCC_WARN_UNUSED_VARIABLE = YES;
				MACOSX_DEPLOYMENT_TARGET = 10.12;
				MTL_ENABLE_DEBUG_INFO = YES;
				ONLY_ACTIVE_ARCH = YES;
				SDKROOT = macosx;
				SWIFT_OPTIMIZATION_LEVEL = "-Onone";
			};
			name = Debug;
		};
		0574459C1E7677FF005BFD13 /* Release */ = {
			isa = XCBuildConfiguration;
			buildSettings = {
				ALWAYS_SEARCH_USER_PATHS = NO;
				CLANG_ANALYZER_NONNULL = YES;
				CLANG_CXX_LANGUAGE_STANDARD = "gnu++0x";
				CLANG_CXX_LIBRARY = "libc++";
				CLANG_ENABLE_MODULES = YES;
				CLANG_ENABLE_OBJC_ARC = YES;
				CLANG_WARN_BOOL_CONVERSION = YES;
				CLANG_WARN_CONSTANT_CONVERSION = YES;
				CLANG_WARN_DIRECT_OBJC_ISA_USAGE = YES_ERROR;
				CLANG_WARN_DOCUMENTATION_COMMENTS = YES;
				CLANG_WARN_EMPTY_BODY = YES;
				CLANG_WARN_ENUM_CONVERSION = YES;
				CLANG_WARN_INFINITE_RECURSION = YES;
				CLANG_WARN_INT_CONVERSION = YES;
				CLANG_WARN_OBJC_ROOT_CLASS = YES_ERROR;
				CLANG_WARN_SUSPICIOUS_MOVE = YES;
				CLANG_WARN_UNREACHABLE_CODE = YES;
				CLANG_WARN__DUPLICATE_METHOD_MATCH = YES;
				CODE_SIGN_IDENTITY = "-";
				COPY_PHASE_STRIP = NO;
				DEBUG_INFORMATION_FORMAT = "dwarf-with-dsym";
				ENABLE_NS_ASSERTIONS = NO;
				ENABLE_STRICT_OBJC_MSGSEND = YES;
				GCC_C_LANGUAGE_STANDARD = gnu99;
				GCC_NO_COMMON_BLOCKS = YES;
				GCC_WARN_64_TO_32_BIT_CONVERSION = YES;
				GCC_WARN_ABOUT_RETURN_TYPE = YES_ERROR;
				GCC_WARN_UNDECLARED_SELECTOR = YES;
				GCC_WARN_UNINITIALIZED_AUTOS = YES_AGGRESSIVE;
				GCC_WARN_UNUSED_FUNCTION = YES;
				GCC_WARN_UNUSED_VARIABLE = YES;
				MACOSX_DEPLOYMENT_TARGET = 10.12;
				MTL_ENABLE_DEBUG_INFO = NO;
				SDKROOT = macosx;
			};
			name = Release;
		};
		0574459E1E7677FF005BFD13 /* Debug */ = {
			isa = XCBuildConfiguration;
			buildSettings = {
				DEVELOPMENT_TEAM = 8SC87R6DLU;
				PRODUCT_NAME = "$(TARGET_NAME)";
				SWIFT_VERSION = 3.0;
			};
			name = Debug;
		};
		0574459F1E7677FF005BFD13 /* Release */ = {
			isa = XCBuildConfiguration;
			buildSettings = {
				DEVELOPMENT_TEAM = 8SC87R6DLU;
				PRODUCT_NAME = "$(TARGET_NAME)";
				SWIFT_VERSION = 3.0;
			};
			name = Release;
		};
/* End XCBuildConfiguration section */

/* Begin XCConfigurationList section */
		057445911E7677FF005BFD13 /* Build configuration list for PBXProject "transcode-cli" */ = {
			isa = XCConfigurationList;
			buildConfigurations = (
				0574459B1E7677FF005BFD13 /* Debug */,
				0574459C1E7677FF005BFD13 /* Release */,
			);
			defaultConfigurationIsVisible = 0;
			defaultConfigurationName = Release;
		};
		0574459D1E7677FF005BFD13 /* Build configuration list for PBXNativeTarget "transcode-cli" */ = {
			isa = XCConfigurationList;
			buildConfigurations = (
				0574459E1E7677FF005BFD13 /* Debug */,
				0574459F1E7677FF005BFD13 /* Release */,
			);
			defaultConfigurationIsVisible = 0;
			defaultConfigurationName = Release;
		};
/* End XCConfigurationList section */
	};
	rootObject = 0574458E1E7677FF005BFD13 /* Project object */;
}
